{
  "name": "@n8tive/multi-form",
  "version": "1.0.0",
  "lockfileVersion": 1,
  "requires": true,
  "dependencies": {
    "custom-event": {
      "version": "1.0.1",
      "resolved": "https://registry.npmjs.org/custom-event/-/custom-event-1.0.1.tgz",
      "integrity": "sha1-XQKkaFCt8bSjF5RqOSj8y1v9BCU="
    },
    "n8tive": {
      "version": "1.0.0",
      "resolved": "https://registry.npmjs.org/n8tive/-/n8tive-1.0.0.tgz",
      "integrity": "sha512-TVFMreDS/EutG4M92k77qwpAUkYnnnBPGhuNHLEaU9W2WwWyAzlSoZshy2dGTVNMmS1dhTmkUw877vn+aQ9I+Q=="
    }
  }
}
